
Microsoft Visual Studio Solution File, Format Version 12.00
# Visual Studio Version 17
VisualStudioVersion = 17.6.33815.320
MinimumVisualStudioVersion = 10.0.40219.1
Project("{9A19103F-16F7-4668-BE54-9A1E7A4F7556}") = "FinalProject", "FinalProject\FinalProject.csproj", "{7E088D47-E8C5-4735-991C-D217E51E5F2D}"
EndProject
Project("{9A19103F-16F7-4668-BE54-9A1E7A4F7556}") = "FinalProject.Business", "FinalProject.Business\FinalProject.Business.csproj", "{AF18CE9A-B92E-491E-8929-79C86F0224C8}"
EndProject
Project("{9A19103F-16F7-4668-BE54-9A1E7A4F7556}") = "FinalProject.Core", "FinalProject.Core\FinalProject.Core.csproj", "{3DAD1BB7-313B-4990-BFB6-EBB5E980724F}"
EndProject
Project("{9A19103F-16F7-4668-BE54-9A1E7A4F7556}") = "FinalProject.Entities", "FinalProject.Entities\FinalProject.Entities.csproj", "{CF3BA565-6BAC-4B29-8E32-14BA72405FEA}"
EndProject
Project("{FAE04EC0-301F-11D3-BF4B-00C04F79EFBC}") = "FinalProject.DataAcces", "FinalProject.DataAcces\FinalProject.DataAcces.csproj", "{8347A6D2-6A97-4537-A4E0-76D43EC0983B}"
EndProject
Global
	GlobalSection(SolutionConfigurationPlatforms) = preSolution
		Debug|Any CPU = Debug|Any CPU
		Release|Any CPU = Release|Any CPU
	EndGlobalSection
	GlobalSection(ProjectConfigurationPlatforms) = postSolution
		{7E088D47-E8C5-4735-991C-D217E51E5F2D}.Debug|Any CPU.ActiveCfg = Debug|Any CPU
		{7E088D47-E8C5-4735-991C-D217E51E5F2D}.Debug|Any CPU.Build.0 = Debug|Any CPU
		{7E088D47-E8C5-4735-991C-D217E51E5F2D}.Release|Any CPU.ActiveCfg = Release|Any CPU
		{7E088D47-E8C5-4735-991C-D217E51E5F2D}.Release|Any CPU.Build.0 = Release|Any CPU
		{AF18CE9A-B92E-491E-8929-79C86F0224C8}.Debug|Any CPU.ActiveCfg = Debug|Any CPU
		{AF18CE9A-B92E-491E-8929-79C86F0224C8}.Debug|Any CPU.Build.0 = Debug|Any CPU
		{AF18CE9A-B92E-491E-8929-79C86F0224C8}.Release|Any CPU.ActiveCfg = Release|Any CPU
		{AF18CE9A-B92E-491E-8929-79C86F0224C8}.Release|Any CPU.Build.0 = Release|Any CPU
		{3DAD1BB7-313B-4990-BFB6-EBB5E980724F}.Debug|Any CPU.ActiveCfg = Debug|Any CPU
		{3DAD1BB7-313B-4990-BFB6-EBB5E980724F}.Debug|Any CPU.Build.0 = Debug|Any CPU
		{3DAD1BB7-313B-4990-BFB6-EBB5E980724F}.Release|Any CPU.ActiveCfg = Release|Any CPU
		{3DAD1BB7-313B-4990-BFB6-EBB5E980724F}.Release|Any CPU.Build.0 = Release|Any CPU
		{CF3BA565-6BAC-4B29-8E32-14BA72405FEA}.Debug|Any CPU.ActiveCfg = Debug|Any CPU
		{CF3BA565-6BAC-4B29-8E32-14BA72405FEA}.Debug|Any CPU.Build.0 = Debug|Any CPU
		{CF3BA565-6BAC-4B29-8E32-14BA72405FEA}.Release|Any CPU.ActiveCfg = Release|Any CPU
		{CF3BA565-6BAC-4B29-8E32-14BA72405FEA}.Release|Any CPU.Build.0 = Release|Any CPU
		{8347A6D2-6A97-4537-A4E0-76D43EC0983B}.Debug|Any CPU.ActiveCfg = Debug|Any CPU
		{8347A6D2-6A97-4537-A4E0-76D43EC0983B}.Debug|Any CPU.Build.0 = Debug|Any CPU
		{8347A6D2-6A97-4537-A4E0-76D43EC0983B}.Release|Any CPU.ActiveCfg = Release|Any CPU
		{8347A6D2-6A97-4537-A4E0-76D43EC0983B}.Release|Any CPU.Build.0 = Release|Any CPU
	EndGlobalSection
	GlobalSection(SolutionProperties) = preSolution
		HideSolutionNode = FALSE
	EndGlobalSection
	GlobalSection(ExtensibilityGlobals) = postSolution
		SolutionGuid = {994FED0E-D9B8-47A7-91B4-3C064F759525}
	EndGlobalSection
EndGlobal
